
Microsoft Visual Studio Solution File, Format Version 12.00
# Visual Studio Version 17
VisualStudioVersion = 17.14.36511.14 d17.14
MinimumVisualStudioVersion = 10.0.40219.1
Project("{FAE04EC0-301F-11D3-BF4B-00C04F79EFBC}") = "STlab1", "STlab1\STlab1.csproj", "{615DBD5D-E758-4DF5-A8AC-A700ED7FE0D9}"
EndProject
Global
	GlobalSection(SolutionConfigurationPlatforms) = preSolution
		Debug|Any CPU = Debug|Any CPU
		Release|Any CPU = Release|Any CPU
	EndGlobalSection
	GlobalSection(ProjectConfigurationPlatforms) = postSolution
		{615DBD5D-E758-4DF5-A8AC-A700ED7FE0D9}.Debug|Any CPU.ActiveCfg = Debug|Any CPU
		{615DBD5D-E758-4DF5-A8AC-A700ED7FE0D9}.Debug|Any CPU.Build.0 = Debug|Any CPU
		{615DBD5D-E758-4DF5-A8AC-A700ED7FE0D9}.Release|Any CPU.ActiveCfg = Release|Any CPU
		{615DBD5D-E758-4DF5-A8AC-A700ED7FE0D9}.Release|Any CPU.Build.0 = Release|Any CPU
	EndGlobalSection
	GlobalSection(SolutionProperties) = preSolution
		HideSolutionNode = FALSE
	EndGlobalSection
	GlobalSection(ExtensibilityGlobals) = postSolution
		SolutionGuid = {DCF4C166-B769-4647-BADE-1F20C82F3854}
	EndGlobalSection
EndGlobal
